
Microsoft Visual Studio Solution File, Format Version 12.00
# Visual Studio 15
VisualStudioVersion = 15.0.28307.421
MinimumVisualStudioVersion = 10.0.40219.1
Project("{FAE04EC0-301F-11D3-BF4B-00C04F79EFBC}") = "NobelLaureates", "NobelLaureates\NobelLaureates.csproj", "{AE6E5CFB-3556-456E-8A05-F31D7EBFE924}"
EndProject
Global
	GlobalSection(SolutionConfigurationPlatforms) = preSolution
		Debug|Any CPU = Debug|Any CPU
		Release|Any CPU = Release|Any CPU
	EndGlobalSection
	GlobalSection(ProjectConfigurationPlatforms) = postSolution
		{AE6E5CFB-3556-456E-8A05-F31D7EBFE924}.Debug|Any CPU.ActiveCfg = Debug|Any CPU
		{AE6E5CFB-3556-456E-8A05-F31D7EBFE924}.Debug|Any CPU.Build.0 = Debug|Any CPU
		{AE6E5CFB-3556-456E-8A05-F31D7EBFE924}.Release|Any CPU.ActiveCfg = Release|Any CPU
		{AE6E5CFB-3556-456E-8A05-F31D7EBFE924}.Release|Any CPU.Build.0 = Release|Any CPU
	EndGlobalSection
	GlobalSection(SolutionProperties) = preSolution
		HideSolutionNode = FALSE
	EndGlobalSection
	GlobalSection(ExtensibilityGlobals) = postSolution
		SolutionGuid = {EC00662A-B4C3-4397-B638-72C336459C8E}
	EndGlobalSection
EndGlobal
